PODS:
  - FTImageSize (0.0.4)
  - FTIndicator (1.1.5):
    - FTIndicator/FTNotificationIndicator (= 1.1.5)
    - FTIndicator/FTProgressIndicator (= 1.1.5)
    - FTIndicator/FTToastIndicator (= 1.1.5)
  - FTIndicator/FTNotificationIndicator (1.1.5)
  - FTIndicator/FTProgressIndicator (1.1.5)
  - FTIndicator/FTToastIndicator (1.1.5)
  - FTPickerView (1.0.1)

DEPENDENCIES:
  - FTImageSize
  - FTIndicator
  - FTPickerView

SPEC CHECKSUMS:
  FTImageSize: 29c6fc0830dbe33973286148a8e32cd582a9f26d
  FTIndicator: 8b9885b84340a19029ad13672add3bb8183feba8
  FTPickerView: fd26852f56c352c777d1dafc87ed4c2138eeea4c

PODFILE CHECKSUM: 0ede7f642ef86f121ef302dba6752ec4da6e028a

COCOAPODS: 1.2.0.beta.1
