PODS:
  - FTImageSize (0.0.4)
  - FTIndicator (1.2.9):
    - FTIndicator/FTNotificationIndicator (= 1.2.9)
    - FTIndicator/FTProgressIndicator (= 1.2.9)
    - FTIndicator/FTToastIndicator (= 1.2.9)
  - FTIndicator/FTNotificationIndicator (1.2.9)
  - FTIndicator/FTProgressIndicator (1.2.9)
  - FTIndicator/FTToastIndicator (1.2.9)
  - FTPickerView (1.0.2)
  - Kingfisher (4.7.0)

DEPENDENCIES:
  - FTImageSize
  - FTIndicator
  - FTPickerView
  - Kingfisher

SPEC CHECKSUMS:
  FTImageSize: 29c6fc0830dbe33973286148a8e32cd582a9f26d
  FTIndicator: f7f071fd159e5befa1d040a9ef2e3ab53fa9322c
  FTPickerView: 3fb6055e057ac608435ce7d938f2bbc0640f4948
  Kingfisher: da6b005aa96d37698e3e4f1ccfe96a5b9bbf27d6

PODFILE CHECKSUM: 0897bbd78b2258d0c7f01ee2e9d5eb5a802cde17

COCOAPODS: 1.4.0
